<?xml version="1.0" encoding="utf-8"?>
<Project ToolsVersion="4.0" xmlns="http://schemas.microsoft.com/developer/msbuild/2003">
  <ItemGroup>
    <Filter Include="Resource Files">
      <UniqueIdentifier>{67DA6AB6-F800-4c08-8B7A-83BB121AAD01}</UniqueIdentifier>
      <Extensions>rc;ico;cur;bmp;dlg;rc2;rct;bin;rgs;gif;jpg;jpeg;jpe;resx;tiff;tif;png;wav;mfcribbon-ms</Extensions>
    </Filter>
    <Filter Include="Source Files">
      <UniqueIdentifier>{4FC737F1-C7A5-4376-A066-2A32D752A2FF}</UniqueIdentifier>
      <Extensions>cpp;c;cc;cxx;def;odl;idl;hpj;bat;asm;asmx</Extensions>
    </Filter>
    <Filter Include="Header Files">
      <UniqueIdentifier>{93995380-89BD-4b04-88EB-625FBE52EBFB}</UniqueIdentifier>
      <Extensions>h;hh;hpp;hxx;hm;inl;inc;xsd</Extensions>
    </Filter>
  </ItemGroup>
  <ItemGroup>
    <Text Include="ReadMe.txt" />
  </ItemGroup>
  <ItemGroup>
    <ClInclude Include="CVInspector.h">
      <Filter>Header Files</Filter>
    </ClInclude>
    <ClInclude Include="stdafx.h">
      <Filter>Header Files</Filter>
    </ClInclude>
    <ClInclude Include="targetver.h">
      <Filter>Header Files</Filter>
    </ClInclude>
    <ClInclude Include="MainFrm.h">
      <Filter>Header Files</Filter>
    </ClInclude>
    <ClInclude Include="CVInspectorDoc.h">
      <Filter>Header Files</Filter>
    </ClInclude>
    <ClInclude Include="CVInspectorView.h">
      <Filter>Header Files</Filter>
    </ClInclude>
    <ClInclude Include="Resource.h">
      <Filter>Header Files</Filter>
    </ClInclude>
    <ClInclude Include="ImagePanel.h">
      <Filter>Header Files</Filter>
    </ClInclude>
    <ClInclude Include="FormArithmetic.h">
      <Filter>Header Files</Filter>
    </ClInclude>
    <ClInclude Include="FormNA.h">
      <Filter>Header Files</Filter>
    </ClInclude>
    <ClInclude Include="Operation.h">
      <Filter>Header Files</Filter>
    </ClInclude>
    <ClInclude Include="FormFileOpen.h">
      <Filter>Header Files</Filter>
    </ClInclude>
    <ClInclude Include="FormCvtColor.h">
      <Filter>Header Files</Filter>
    </ClInclude>
    <ClInclude Include="ParameterDlg.h">
      <Filter>Header Files</Filter>
    </ClInclude>
    <ClInclude Include="FormBinarize.h">
      <Filter>Header Files</Filter>
    </ClInclude>
    <ClInclude Include="FormMorphology.h">
      <Filter>Header Files</Filter>
    </ClInclude>
    <ClInclude Include="FormBlur.h">
      <Filter>Header Files</Filter>
    </ClInclude>
    <ClInclude Include="FormResize.h">
      <Filter>Header Files</Filter>
    </ClInclude>
    <ClInclude Include="OpManager.h">
      <Filter>Header Files</Filter>
    </ClInclude>
    <ClInclude Include="XmlNodeWrapper.h">
      <Filter>Header Files</Filter>
    </ClInclude>
    <ClInclude Include="FormEdge.h">
      <Filter>Header Files</Filter>
    </ClInclude>
    <ClInclude Include="FormCanny.h">
      <Filter>Header Files</Filter>
    </ClInclude>
    <ClInclude Include="FormCrop.h">
      <Filter>Header Files</Filter>
    </ClInclude>
    <ClInclude Include="FormSplit.h">
      <Filter>Header Files</Filter>
    </ClInclude>
    <ClInclude Include="FormContour.h">
      <Filter>Header Files</Filter>
    </ClInclude>
    <ClInclude Include="FormCaptureCam.h">
      <Filter>Header Files</Filter>
    </ClInclude>
    <ClInclude Include="FormFloodFill.h">
      <Filter>Header Files</Filter>
    </ClInclude>
    <ClInclude Include="FormPyramid.h">
      <Filter>Header Files</Filter>
    </ClInclude>
    <ClInclude Include="FormBlob.h">
      <Filter>Header Files</Filter>
    </ClInclude>
    <ClInclude Include="FormHistogram.h">
      <Filter>Header Files</Filter>
    </ClInclude>
    <ClInclude Include="FormEqualHist.h">
      <Filter>Header Files</Filter>
    </ClInclude>
    <ClInclude Include="FormHoughLine.h">
      <Filter>Header Files</Filter>
    </ClInclude>
    <ClInclude Include="FormHoughCircle.h">
      <Filter>Header Files</Filter>
    </ClInclude>
    <ClInclude Include="FormHarrisCorner.h">
      <Filter>Header Files</Filter>
    </ClInclude>
    <ClInclude Include="FormDFT.h">
      <Filter>Header Files</Filter>
    </ClInclude>
    <ClInclude Include="FormMatchTemplate.h">
      <Filter>Header Files</Filter>
    </ClInclude>
    <ClInclude Include="FormPSM.h">
      <Filter>Header Files</Filter>
    </ClInclude>
    <ClInclude Include="FormAdaptiveThreshold.h">
      <Filter>Header Files</Filter>
    </ClInclude>
    <ClInclude Include="FormRemoveBlobs.h">
      <Filter>Header Files</Filter>
    </ClInclude>
    <ClInclude Include="FormTimeDelay.h">
      <Filter>Header Files</Filter>
    </ClInclude>
    <ClInclude Include="FormFlip.h">
      <Filter>Header Files</Filter>
    </ClInclude>
    <ClInclude Include="FormShiTomasiCorner.h">
      <Filter>Header Files</Filter>
    </ClInclude>
    <ClInclude Include="FormRotate.h">
      <Filter>Header Files</Filter>
    </ClInclude>
    <ClInclude Include="FormFilter2D.h">
      <Filter>Header Files</Filter>
    </ClInclude>
    <ClInclude Include="FormHeader.h">
      <Filter>Header Files</Filter>
    </ClInclude>
    <ClInclude Include="Operation_Basic.h">
      <Filter>Header Files</Filter>
    </ClInclude>
    <ClInclude Include="Operation_Transform.h">
      <Filter>Header Files</Filter>
    </ClInclude>
    <ClInclude Include="Operation_Process.h">
      <Filter>Header Files</Filter>
    </ClInclude>
    <ClInclude Include="AllOperations.h">
      <Filter>Header Files</Filter>
    </ClInclude>
    <ClInclude Include="Operation_Feature.h">
      <Filter>Header Files</Filter>
    </ClInclude>
    <ClInclude Include="Operation_Draw.h">
      <Filter>Header Files</Filter>
    </ClInclude>
    <ClInclude Include="Operation_MeasureOffset.h">
      <Filter>Header Files</Filter>
    </ClInclude>
    <ClInclude Include="FormMeasureTemplateOffset.h">
      <Filter>Header Files</Filter>
    </ClInclude>
    <ClInclude Include="Operation_Custom.h">
      <Filter>Header Files</Filter>
    </ClInclude>
    <ClInclude Include="FormFAST.h">
      <Filter>Header Files</Filter>
    </ClInclude>
    <ClInclude Include="FormMarkedAverage.h">
      <Filter>Header Files</Filter>
    </ClInclude>
    <ClInclude Include="FormMarkedAdaptiveThreshold.h">
      <Filter>Header Files</Filter>
    </ClInclude>
    <ClInclude Include="FormJPThreshold.h">
      <Filter>Header Files</Filter>
    </ClInclude>
    <ClInclude Include="FormDiffImage.h">
      <Filter>Header Files</Filter>
    </ClInclude>
    <ClInclude Include="FormJPThresholdAuto.h">
      <Filter>Header Files</Filter>
    </ClInclude>
    <ClInclude Include="FormDrawLine.h">
      <Filter>Header Files</Filter>
    </ClInclude>
    <ClInclude Include="FormAdaptiveThresholdISH.h">
      <Filter>Header Files</Filter>
    </ClInclude>
    <ClInclude Include="FormMappingImage.h">
      <Filter>Header Files</Filter>
    </ClInclude>
    <ClInclude Include="FormDistanceTransform.h">
      <Filter>Header Files</Filter>
    </ClInclude>
    <ClInclude Include="FormContrast.h">
      <Filter>Header Files</Filter>
    </ClInclude>
    <ClInclude Include="FormWatershed.h">
      <Filter>Header Files</Filter>
    </ClInclude>
    <ClInclude Include="FormFarshidThr.h">
      <Filter>Header Files</Filter>
    </ClInclude>
    <ClInclude Include="ImScrollHelper.h">
      <Filter>Header Files</Filter>
    </ClInclude>
  </ItemGroup>
  <ItemGroup>
    <ClCompile Include="CVInspector.cpp">
      <Filter>Source Files</Filter>
    </ClCompile>
    <ClCompile Include="stdafx.cpp">
      <Filter>Source Files</Filter>
    </ClCompile>
    <ClCompile Include="MainFrm.cpp">
      <Filter>Source Files</Filter>
    </ClCompile>
    <ClCompile Include="CVInspectorDoc.cpp">
      <Filter>Source Files</Filter>
    </ClCompile>
    <ClCompile Include="CVInspectorView.cpp">
      <Filter>Source Files</Filter>
    </ClCompile>
    <ClCompile Include="ImagePanel.cpp">
      <Filter>Source Files</Filter>
    </ClCompile>
    <ClCompile Include="FormArithmetic.cpp">
      <Filter>Source Files</Filter>
    </ClCompile>
    <ClCompile Include="FormNA.cpp">
      <Filter>Source Files</Filter>
    </ClCompile>
    <ClCompile Include="Operation.cpp">
      <Filter>Source Files</Filter>
    </ClCompile>
    <ClCompile Include="FormFileOpen.cpp">
      <Filter>Source Files</Filter>
    </ClCompile>
    <ClCompile Include="FormCvtColor.cpp">
      <Filter>Source Files</Filter>
    </ClCompile>
    <ClCompile Include="ParameterDlg.cpp">
      <Filter>Source Files</Filter>
    </ClCompile>
    <ClCompile Include="FormBinarize.cpp">
      <Filter>Source Files</Filter>
    </ClCompile>
    <ClCompile Include="FormMorphology.cpp">
      <Filter>Source Files</Filter>
    </ClCompile>
    <ClCompile Include="FormBlur.cpp">
      <Filter>Source Files</Filter>
    </ClCompile>
    <ClCompile Include="FormResize.cpp">
      <Filter>Source Files</Filter>
    </ClCompile>
    <ClCompile Include="OpManager.cpp">
      <Filter>Source Files</Filter>
    </ClCompile>
    <ClCompile Include="XmlNodeWrapper.cpp">
      <Filter>Source Files</Filter>
    </ClCompile>
    <ClCompile Include="FormEdge.cpp">
      <Filter>Source Files</Filter>
    </ClCompile>
    <ClCompile Include="FormCanny.cpp">
      <Filter>Source Files</Filter>
    </ClCompile>
    <ClCompile Include="FormCrop.cpp">
      <Filter>Source Files</Filter>
    </ClCompile>
    <ClCompile Include="FormSplit.cpp">
      <Filter>Source Files</Filter>
    </ClCompile>
    <ClCompile Include="FormContour.cpp">
      <Filter>Source Files</Filter>
    </ClCompile>
    <ClCompile Include="FormCaptureCam.cpp">
      <Filter>Source Files</Filter>
    </ClCompile>
    <ClCompile Include="FormFloodFill.cpp">
      <Filter>Source Files</Filter>
    </ClCompile>
    <ClCompile Include="FormPyramid.cpp">
      <Filter>Source Files</Filter>
    </ClCompile>
    <ClCompile Include="FormBlob.cpp">
      <Filter>Source Files</Filter>
    </ClCompile>
    <ClCompile Include="FormHistogram.cpp">
      <Filter>Source Files</Filter>
    </ClCompile>
    <ClCompile Include="FormEqualHist.cpp">
      <Filter>Source Files</Filter>
    </ClCompile>
    <ClCompile Include="FormHoughLine.cpp">
      <Filter>Source Files</Filter>
    </ClCompile>
    <ClCompile Include="FormHoughCircle.cpp">
      <Filter>Source Files</Filter>
    </ClCompile>
    <ClCompile Include="FormHarrisCorner.cpp">
      <Filter>Source Files</Filter>
    </ClCompile>
    <ClCompile Include="FormDFT.cpp">
      <Filter>Source Files</Filter>
    </ClCompile>
    <ClCompile Include="FormMatchTemplate.cpp">
      <Filter>Source Files</Filter>
    </ClCompile>
    <ClCompile Include="FormPSM.cpp">
      <Filter>Source Files</Filter>
    </ClCompile>
    <ClCompile Include="FormAdaptiveThreshold.cpp">
      <Filter>Source Files</Filter>
    </ClCompile>
    <ClCompile Include="FormRemoveBlobs.cpp">
      <Filter>Source Files</Filter>
    </ClCompile>
    <ClCompile Include="FormTimeDelay.cpp">
      <Filter>Source Files</Filter>
    </ClCompile>
    <ClCompile Include="FormFlip.cpp">
      <Filter>Source Files</Filter>
    </ClCompile>
    <ClCompile Include="FormShiTomasiCorner.cpp">
      <Filter>Source Files</Filter>
    </ClCompile>
    <ClCompile Include="FormRotate.cpp">
      <Filter>Source Files</Filter>
    </ClCompile>
    <ClCompile Include="FormFilter2D.cpp">
      <Filter>Source Files</Filter>
    </ClCompile>
    <ClCompile Include="Operation_Basic.cpp">
      <Filter>Source Files</Filter>
    </ClCompile>
    <ClCompile Include="Operation_Transform.cpp">
      <Filter>Source Files</Filter>
    </ClCompile>
    <ClCompile Include="Operation_Process.cpp">
      <Filter>Source Files</Filter>
    </ClCompile>
    <ClCompile Include="Operation_Feature.cpp">
      <Filter>Source Files</Filter>
    </ClCompile>
    <ClCompile Include="Operation_Draw.cpp">
      <Filter>Source Files</Filter>
    </ClCompile>
    <ClCompile Include="Operation_MeasureOffset.cpp">
      <Filter>Source Files</Filter>
    </ClCompile>
    <ClCompile Include="FormMeasureTemplateOffset.cpp">
      <Filter>Source Files</Filter>
    </ClCompile>
    <ClCompile Include="Operation_Custom.cpp">
      <Filter>Source Files</Filter>
    </ClCompile>
    <ClCompile Include="FormFAST.cpp">
      <Filter>Source Files</Filter>
    </ClCompile>
    <ClCompile Include="FormMarkedAverage.cpp">
      <Filter>Source Files</Filter>
    </ClCompile>
    <ClCompile Include="FormMarkedAdaptiveThreshold.cpp">
      <Filter>Source Files</Filter>
    </ClCompile>
    <ClCompile Include="FormJPThreshold.cpp">
      <Filter>Source Files</Filter>
    </ClCompile>
    <ClCompile Include="FormDiffImage.cpp">
      <Filter>Source Files</Filter>
    </ClCompile>
    <ClCompile Include="FormJPThresholdAuto.cpp">
      <Filter>Source Files</Filter>
    </ClCompile>
    <ClCompile Include="FormDrawLine.cpp">
      <Filter>Source Files</Filter>
    </ClCompile>
    <ClCompile Include="FormAdaptiveThresholdISH.cpp">
      <Filter>Source Files</Filter>
    </ClCompile>
    <ClCompile Include="FormMappingImage.cpp">
      <Filter>Source Files</Filter>
    </ClCompile>
    <ClCompile Include="FormDistanceTransform.cpp">
      <Filter>Source Files</Filter>
    </ClCompile>
    <ClCompile Include="FormContrast.cpp">
      <Filter>Source Files</Filter>
    </ClCompile>
    <ClCompile Include="FormWatershed.cpp">
      <Filter>Source Files</Filter>
    </ClCompile>
    <ClCompile Include="FormFarshidThr.cpp">
      <Filter>Source Files</Filter>
    </ClCompile>
    <ClCompile Include="ImScrollHelper.cpp">
      <Filter>Source Files</Filter>
    </ClCompile>
  </ItemGroup>
  <ItemGroup>
    <ResourceCompile Include="CVInspector.rc">
      <Filter>Resource Files</Filter>
    </ResourceCompile>
  </ItemGroup>
  <ItemGroup>
    <Image Include="res\buttons.bmp">
      <Filter>Resource Files</Filter>
    </Image>
    <Image Include="res\filelarge.bmp">
      <Filter>Resource Files</Filter>
    </Image>
    <Image Include="res\filesmall.bmp">
      <Filter>Resource Files</Filter>
    </Image>
    <Image Include="res\main.bmp">
      <Filter>Resource Files</Filter>
    </Image>
    <Image Include="res\writelarge.bmp">
      <Filter>Resource Files</Filter>
    </Image>
    <Image Include="res\writesmall.bmp">
      <Filter>Resource Files</Filter>
    </Image>
    <Image Include="res\CVInspectorDoc.ico">
      <Filter>Resource Files</Filter>
    </Image>
    <Image Include="res\CVInspector.ico">
      <Filter>Resource Files</Filter>
    </Image>
    <Image Include="res\Toolbar.bmp">
      <Filter>Resource Files</Filter>
    </Image>
    <Image Include="res\Toolbar256.bmp">
      <Filter>Resource Files</Filter>
    </Image>
    <Image Include="res\writesma.bmp">
      <Filter>Resource Files</Filter>
    </Image>
    <Image Include="res\simplearith.bmp">
      <Filter>Resource Files</Filter>
    </Image>
  </ItemGroup>
  <ItemGroup>
    <None Include="res\ribbon.mfcribbon-ms">
      <Filter>Resource Files</Filter>
    </None>
    <None Include="res\CVInspector.rc2">
      <Filter>Resource Files</Filter>
    </None>
  </ItemGroup>
</Project>